PODS:
  - AWSCognito (2.5.5):
    - AWSCore (= 2.5.5)
  - AWSCore (2.5.5)
  - AWSS3 (2.5.5):
    - AWSCore (= 2.5.5)
  - Bolts (1.8.4):
    - Bolts/AppLinks (= 1.8.4)
    - Bolts/Tasks (= 1.8.4)
  - Bolts/AppLinks (1.8.4):
    - Bolts/Tasks
  - Bolts/Tasks (1.8.4)
  - FacebookCore (0.2.0):
    - Bolts (~> 1.8)
    - FBSDKCoreKit (~> 4.15)
  - FacebookLogin (0.2.0):
    - Bolts (~> 1.8)
    - FacebookCore (~> 0.2)
    - FBSDKCoreKit (~> 4.15)
    - FBSDKLoginKit (~> 4.15)
  - FacebookShare (0.2.0):
    - Bolts (~> 1.8)
    - FacebookCore (~> 0.2)
    - FBSDKCoreKit (~> 4.15)
    - FBSDKShareKit (~> 4.15)
  - FBSDKCoreKit (4.22.0):
    - Bolts (~> 1.7)
  - FBSDKLoginKit (4.22.0):
    - FBSDKCoreKit
  - FBSDKShareKit (4.22.0):
    - FBSDKCoreKit

DEPENDENCIES:
  - AWSCognito
  - AWSS3
  - FacebookCore
  - FacebookLogin
  - FacebookShare

SPEC CHECKSUMS:
  AWSCognito: 5f1dddb8669682b1224c19c214270a942e438b06
  AWSCore: 665371d51ccdfe62430c586e3cb8e57eff8ce09d
  AWSS3: 7a910824991e5dc13971f7ae73230d354666880e
  Bolts: 8a7995239dbe724f9cba2248b766d48b7ebdd322
  FacebookCore: 2cb3f0fbff218e9d3119cec84bae983b232412de
  FacebookLogin: c9d606504735780a9e3002465a615512e0a691a5
  FacebookShare: 8e9ee8ea06505e6a1d3d719b0cc63e840fb8aaeb
  FBSDKCoreKit: c693bad19feb225469eeff14452ba364522ee48b
  FBSDKLoginKit: 1fa529fc622d7b32ebeaffbecd377180833c6d30
  FBSDKShareKit: 21ab3c8d173f4fa20c47c1061f3a9fac5950b5fa

PODFILE CHECKSUM: 1e8b0e286f5318f02691088b177c82ad7424d70b

COCOAPODS: 1.2.1
