// !$*UTF8*$!
{
	archiveVersion = 1;
	classes = {
	};
	objectVersion = 46;
	objects = {

/* Begin PBXBuildFile section */
		3424147DA2219AB5C178BE71 /* Pods_natalie_app_2Tests.framework in Frameworks */ = {isa = PBXBuildFile; fileRef = 61E75CD80181D04DB59C55CD /* Pods_natalie_app_2Tests.framework */; };
		86C4681EA3A354B0732737CD /* Pods_natalie_app_2UITests.framework in Frameworks */ = {isa = PBXBuildFile; fileRef = F7658D75CD64A7B62E02DD2B /* Pods_natalie_app_2UITests.framework */; };
		C539B1EC1EAC53A4006C3233 /* Welcome.png in Resources */ = {isa = PBXBuildFile; fileRef = C539B1EB1EAC53A4006C3233 /* Welcome.png */; };
		C55472691F1EC6E80017C66E /* TestVC.swift in Sources */ = {isa = PBXBuildFile; fileRef = C55472681F1EC6E80017C66E /* TestVC.swift */; };
		C557928E1F34F84600BFA82F /* FBSDKShareKit in Frameworks */ = {isa = PBXBuildFile; fileRef = C557928D1F34F84600BFA82F /* FBSDKShareKit */; };
		C5628FBF1ECBCFDD00A3555F /* QuestionVC.swift in Sources */ = {isa = PBXBuildFile; fileRef = C5628FBE1ECBCFDD00A3555F /* QuestionVC.swift */; };
		C586AE631EEF23D30084671B /* FBSDKLoginKit in Frameworks */ = {isa = PBXBuildFile; fileRef = C586AE621EEF23D30084671B /* FBSDKLoginKit */; };
		C58DE6B21F0B151800A90D28 /* ChooseBackgroundVC.swift in Sources */ = {isa = PBXBuildFile; fileRef = C5AD5DA11ECE61F400223064 /* ChooseBackgroundVC.swift */; };
		C58DE6B31F0B176000A90D28 /* ChooseBackgroundVC.swift in Sources */ = {isa = PBXBuildFile; fileRef = C5AD5DA11ECE61F400223064 /* ChooseBackgroundVC.swift */; };
		C58DE6B41F0B176300A90D28 /* EditPortfolioItemVC.swift in Sources */ = {isa = PBXBuildFile; fileRef = C5A0D1FF1ED672E20053CDCD /* EditPortfolioItemVC.swift */; };
		C58DE6B51F0B176700A90D28 /* QuestionVC.swift in Sources */ = {isa = PBXBuildFile; fileRef = C5628FBE1ECBCFDD00A3555F /* QuestionVC.swift */; };
		C58DE6B61F0B176900A90D28 /* ChooseImageVC.swift in Sources */ = {isa = PBXBuildFile; fileRef = E8B611171E9FA5230019EBED /* ChooseImageVC.swift */; };
		C58DE6B71F0B176C00A90D28 /* MainVC.swift in Sources */ = {isa = PBXBuildFile; fileRef = E8B611131E9F2A520019EBED /* MainVC.swift */; };
		C58DE6B81F0B176F00A90D28 /* WelcomeVC.swift in Sources */ = {isa = PBXBuildFile; fileRef = E8DE92AA1E9D447C007FC971 /* WelcomeVC.swift */; };
		C58DE6B91F0B177200A90D28 /* SignUpVC.swift in Sources */ = {isa = PBXBuildFile; fileRef = E8DE92DA1E9D6639007FC971 /* SignUpVC.swift */; };
		C58DE6BA1F0B177500A90D28 /* LoginVC.swift in Sources */ = {isa = PBXBuildFile; fileRef = E8B6103C1E9E68F90019EBED /* LoginVC.swift */; };
		C597F4011F16738C006F4944 /* FilterCell.swift in Sources */ = {isa = PBXBuildFile; fileRef = C597F4001F16738C006F4944 /* FilterCell.swift */; };
		C5A0D2001ED672E20053CDCD /* EditPortfolioItemVC.swift in Sources */ = {isa = PBXBuildFile; fileRef = C5A0D1FF1ED672E20053CDCD /* EditPortfolioItemVC.swift */; };
		C5AA46F71F044F6D00F23F12 /* BackgroundImage.swift in Sources */ = {isa = PBXBuildFile; fileRef = C5AA46F61F044F6D00F23F12 /* BackgroundImage.swift */; };
		C5AA46F91F04508900F23F12 /* ThemeImage.swift in Sources */ = {isa = PBXBuildFile; fileRef = C5AA46F81F04508900F23F12 /* ThemeImage.swift */; };
		C5AD5DA61ECE80F300223064 /* BackgroundImageCell.swift in Sources */ = {isa = PBXBuildFile; fileRef = C5AD5DA51ECE80F300223064 /* BackgroundImageCell.swift */; };
		C5DC50A41F3A56E2003576E3 /* Images.xcassets in Resources */ = {isa = PBXBuildFile; fileRef = C5DC50A31F3A56E2003576E3 /* Images.xcassets */; };
		C5EA08941EF322650089FA88 /* KeychainWrapper.m in Sources */ = {isa = PBXBuildFile; fileRef = C5EA08931EF322650089FA88 /* KeychainWrapper.m */; };
		C5F131691EBCF92D00624711 /* PortfolioItemCell.swift in Sources */ = {isa = PBXBuildFile; fileRef = C5F131681EBCF92D00624711 /* PortfolioItemCell.swift */; };
		E0CB7F5419ADEBCC6086D042 /* Pods_natalie_app_2.framework in Frameworks */ = {isa = PBXBuildFile; fileRef = 91D90C6CD83E182A184F8A63 /* Pods_natalie_app_2.framework */; };
		E8B6103D1E9E68F90019EBED /* LoginVC.swift in Sources */ = {isa = PBXBuildFile; fileRef = E8B6103C1E9E68F90019EBED /* LoginVC.swift */; };
		E8B610401E9E6F180019EBED /* Model.xcdatamodeld in Sources */ = {isa = PBXBuildFile; fileRef = E8B6103E1E9E6F180019EBED /* Model.xcdatamodeld */; };
		E8B611141E9F2A520019EBED /* MainVC.swift in Sources */ = {isa = PBXBuildFile; fileRef = E8B611131E9F2A520019EBED /* MainVC.swift */; };
		E8B611161E9FA2130019EBED /* images in Resources */ = {isa = PBXBuildFile; fileRef = E8B611151E9FA2130019EBED /* images */; };
		E8B611181E9FA5230019EBED /* ChooseImageVC.swift in Sources */ = {isa = PBXBuildFile; fileRef = E8B611171E9FA5230019EBED /* ChooseImageVC.swift */; };
		E8DE92A91E9D447C007FC971 /* AppDelegate.swift in Sources */ = {isa = PBXBuildFile; fileRef = E8DE92A81E9D447C007FC971 /* AppDelegate.swift */; };
		E8DE92AB1E9D447C007FC971 /* WelcomeVC.swift in Sources */ = {isa = PBXBuildFile; fileRef = E8DE92AA1E9D447C007FC971 /* WelcomeVC.swift */; };
		E8DE92AE1E9D447C007FC971 /* Main.storyboard in Resources */ = {isa = PBXBuildFile; fileRef = E8DE92AC1E9D447C007FC971 /* Main.storyboard */; };
		E8DE92B01E9D447C007FC971 /* Assets.xcassets in Resources */ = {isa = PBXBuildFile; fileRef = E8DE92AF1E9D447C007FC971 /* Assets.xcassets */; };
		E8DE92B31E9D447C007FC971 /* LaunchScreen.storyboard in Resources */ = {isa = PBXBuildFile; fileRef = E8DE92B11E9D447C007FC971 /* LaunchScreen.storyboard */; };
		E8DE92BE1E9D447C007FC971 /* natalie_app_2Tests.swift in Sources */ = {isa = PBXBuildFile; fileRef = E8DE92BD1E9D447C007FC971 /* natalie_app_2Tests.swift */; };
		E8DE92C91E9D447C007FC971 /* natalie_app_2UITests.swift in Sources */ = {isa = PBXBuildFile; fileRef = E8DE92C81E9D447C007FC971 /* natalie_app_2UITests.swift */; };
		E8DE92DB1E9D6639007FC971 /* SignUpVC.swift in Sources */ = {isa = PBXBuildFile; fileRef = E8DE92DA1E9D6639007FC971 /* SignUpVC.swift */; };
/* End PBXBuildFile section */

/* Begin PBXContainerItemProxy section */
		E8DE92BA1E9D447C007FC971 /* PBXContainerItemProxy */ = {
			isa = PBXContainerItemProxy;
			containerPortal = E8DE929D1E9D447C007FC971 /* Project object */;
			proxyType = 1;
			remoteGlobalIDString = E8DE92A41E9D447C007FC971;
			remoteInfo = "natalie-app-2";
		};
		E8DE92C51E9D447C007FC971 /* PBXContainerItemProxy */ = {
			isa = PBXContainerItemProxy;
			containerPortal = E8DE929D1E9D447C007FC971 /* Project object */;
			proxyType = 1;
			remoteGlobalIDString = E8DE92A41E9D447C007FC971;
			remoteInfo = "natalie-app-2";
		};
/* End PBXContainerItemProxy section */

/* Begin PBXFileReference section */
		03AA1EBC8044063A37F5173D /* Pods-natalie-app-2UITests.debug.xcconfig */ = {isa = PBXFileReference; includeInIndex = 1; lastKnownFileType = text.xcconfig; name = "Pods-natalie-app-2UITests.debug.xcconfig"; path = "Pods/Target Support Files/Pods-natalie-app-2UITests/Pods-natalie-app-2UITests.debug.xcconfig"; sourceTree = "<group>"; };
		0536B8045324526384D83B3E /* Pods-natalie-app-2Tests.release.xcconfig */ = {isa = PBXFileReference; includeInIndex = 1; lastKnownFileType = text.xcconfig; name = "Pods-natalie-app-2Tests.release.xcconfig"; path = "Pods/Target Support Files/Pods-natalie-app-2Tests/Pods-natalie-app-2Tests.release.xcconfig"; sourceTree = "<group>"; };
		61E75CD80181D04DB59C55CD /* Pods_natalie_app_2Tests.framework */ = {isa = PBXFileReference; explicitFileType = wrapper.framework; includeInIndex = 0; path = Pods_natalie_app_2Tests.framework; sourceTree = BUILT_PRODUCTS_DIR; };
		8CD4CDA082D7CA722AE57B01 /* Pods-natalie-app-2UITests.release.xcconfig */ = {isa = PBXFileReference; includeInIndex = 1; lastKnownFileType = text.xcconfig; name = "Pods-natalie-app-2UITests.release.xcconfig"; path = "Pods/Target Support Files/Pods-natalie-app-2UITests/Pods-natalie-app-2UITests.release.xcconfig"; sourceTree = "<group>"; };
		91D90C6CD83E182A184F8A63 /* Pods_natalie_app_2.framework */ = {isa = PBXFileReference; explicitFileType = wrapper.framework; includeInIndex = 0; path = Pods_natalie_app_2.framework; sourceTree = BUILT_PRODUCTS_DIR; };
		A49BCB2CA448B48755E1AE70 /* Pods-natalie-app-2.debug.xcconfig */ = {isa = PBXFileReference; includeInIndex = 1; lastKnownFileType = text.xcconfig; name = "Pods-natalie-app-2.debug.xcconfig"; path = "Pods/Target Support Files/Pods-natalie-app-2/Pods-natalie-app-2.debug.xcconfig"; sourceTree = "<group>"; };
		C539B1EB1EAC53A4006C3233 /* Welcome.png */ = {isa = PBXFileReference; lastKnownFileType = image.png; path = Welcome.png; sourceTree = "<group>"; };
		C55472681F1EC6E80017C66E /* TestVC.swift */ = {isa = PBXFileReference; fileEncoding = 4; lastKnownFileType = sourcecode.swift; path = TestVC.swift; sourceTree = "<group>"; };
		C557928D1F34F84600BFA82F /* FBSDKShareKit */ = {isa = PBXFileReference; lastKnownFileType = archive.ar; path = FBSDKShareKit; sourceTree = "<group>"; };
		C5628FBE1ECBCFDD00A3555F /* QuestionVC.swift */ = {isa = PBXFileReference; fileEncoding = 4; lastKnownFileType = sourcecode.swift; path = QuestionVC.swift; sourceTree = "<group>"; };
		C586AE621EEF23D30084671B /* FBSDKLoginKit */ = {isa = PBXFileReference; lastKnownFileType = archive.ar; path = FBSDKLoginKit; sourceTree = "<group>"; };
		C597F4001F16738C006F4944 /* FilterCell.swift */ = {isa = PBXFileReference; fileEncoding = 4; lastKnownFileType = sourcecode.swift; path = FilterCell.swift; sourceTree = "<group>"; };
		C5A0D1FF1ED672E20053CDCD /* EditPortfolioItemVC.swift */ = {isa = PBXFileReference; fileEncoding = 4; lastKnownFileType = sourcecode.swift; path = EditPortfolioItemVC.swift; sourceTree = "<group>"; };
		C5AA46F61F044F6D00F23F12 /* BackgroundImage.swift */ = {isa = PBXFileReference; fileEncoding = 4; lastKnownFileType = sourcecode.swift; path = BackgroundImage.swift; sourceTree = "<group>"; };
		C5AA46F81F04508900F23F12 /* ThemeImage.swift */ = {isa = PBXFileReference; fileEncoding = 4; lastKnownFileType = sourcecode.swift; path = ThemeImage.swift; sourceTree = "<group>"; };
		C5AD5DA11ECE61F400223064 /* ChooseBackgroundVC.swift */ = {isa = PBXFileReference; fileEncoding = 4; lastKnownFileType = sourcecode.swift; path = ChooseBackgroundVC.swift; sourceTree = "<group>"; };
		C5AD5DA51ECE80F300223064 /* BackgroundImageCell.swift */ = {isa = PBXFileReference; fileEncoding = 4; lastKnownFileType = sourcecode.swift; path = BackgroundImageCell.swift; sourceTree = "<group>"; };
		C5DC50A31F3A56E2003576E3 /* Images.xcassets */ = {isa = PBXFileReference; lastKnownFileType = folder.assetcatalog; path = Images.xcassets; sourceTree = "<group>"; };
		C5EA08911EF322640089FA88 /* natalie-app-2-Bridging-Header.h */ = {isa = PBXFileReference; lastKnownFileType = sourcecode.c.h; path = "natalie-app-2-Bridging-Header.h"; sourceTree = "<group>"; };
		C5EA08921EF322650089FA88 /* KeychainWrapper.h */ = {isa = PBXFileReference; fileEncoding = 4; lastKnownFileType = sourcecode.c.h; path = KeychainWrapper.h; sourceTree = "<group>"; };
		C5EA08931EF322650089FA88 /* KeychainWrapper.m */ = {isa = PBXFileReference; fileEncoding = 4; lastKnownFileType = sourcecode.c.objc; path = KeychainWrapper.m; sourceTree = "<group>"; };
		C5F131681EBCF92D00624711 /* PortfolioItemCell.swift */ = {isa = PBXFileReference; fileEncoding = 4; lastKnownFileType = sourcecode.swift; path = PortfolioItemCell.swift; sourceTree = "<group>"; };
		CC3F916E41D0E217415D5C39 /* Pods-natalie-app-2.release.xcconfig */ = {isa = PBXFileReference; includeInIndex = 1; lastKnownFileType = text.xcconfig; name = "Pods-natalie-app-2.release.xcconfig"; path = "Pods/Target Support Files/Pods-natalie-app-2/Pods-natalie-app-2.release.xcconfig"; sourceTree = "<group>"; };
		E8B6103C1E9E68F90019EBED /* LoginVC.swift */ = {isa = PBXFileReference; fileEncoding = 4; lastKnownFileType = sourcecode.swift; path = LoginVC.swift; sourceTree = "<group>"; };
		E8B6103F1E9E6F180019EBED /* Model.xcdatamodel */ = {isa = PBXFileReference; lastKnownFileType = wrapper.xcdatamodel; path = Model.xcdatamodel; sourceTree = "<group>"; };
		E8B611131E9F2A520019EBED /* MainVC.swift */ = {isa = PBXFileReference; fileEncoding = 4; lastKnownFileType = sourcecode.swift; path = MainVC.swift; sourceTree = "<group>"; };
		E8B611151E9FA2130019EBED /* images */ = {isa = PBXFileReference; lastKnownFileType = folder; path = images; sourceTree = "<group>"; };
		E8B611171E9FA5230019EBED /* ChooseImageVC.swift */ = {isa = PBXFileReference; fileEncoding = 4; lastKnownFileType = sourcecode.swift; path = ChooseImageVC.swift; sourceTree = "<group>"; };
		E8DE92A51E9D447C007FC971 /* natalie-app-2.app */ = {isa = PBXFileReference; explicitFileType = wrapper.application; includeInIndex = 0; path = "natalie-app-2.app"; sourceTree = BUILT_PRODUCTS_DIR; };
		E8DE92A81E9D447C007FC971 /* AppDelegate.swift */ = {isa = PBXFileReference; lastKnownFileType = sourcecode.swift; path = AppDelegate.swift; sourceTree = "<group>"; };
		E8DE92AA1E9D447C007FC971 /* WelcomeVC.swift */ = {isa = PBXFileReference; lastKnownFileType = sourcecode.swift; path = WelcomeVC.swift; sourceTree = "<group>"; };
		E8DE92AD1E9D447C007FC971 /* Base */ = {isa = PBXFileReference; lastKnownFileType = file.storyboard; name = Base; path = Base.lproj/Main.storyboard; sourceTree = "<group>"; };
		E8DE92AF1E9D447C007FC971 /* Assets.xcassets */ = {isa = PBXFileReference; lastKnownFileType = folder.assetcatalog; path = Assets.xcassets; sourceTree = "<group>"; };
		E8DE92B21E9D447C007FC971 /* Base */ = {isa = PBXFileReference; lastKnownFileType = file.storyboard; name = Base; path = Base.lproj/LaunchScreen.storyboard; sourceTree = "<group>"; };
		E8DE92B41E9D447C007FC971 /* Info.plist */ = {isa = PBXFileReference; lastKnownFileType = text.plist.xml; path = Info.plist; sourceTree = "<group>"; };
		E8DE92B91E9D447C007FC971 /* natalie-app-2Tests.xctest */ = {isa = PBXFileReference; explicitFileType = wrapper.cfbundle; includeInIndex = 0; path = "natalie-app-2Tests.xctest"; sourceTree = BUILT_PRODUCTS_DIR; };
		E8DE92BD1E9D447C007FC971 /* natalie_app_2Tests.swift */ = {isa = PBXFileReference; lastKnownFileType = sourcecode.swift; path = natalie_app_2Tests.swift; sourceTree = "<group>"; };
		E8DE92BF1E9D447C007FC971 /* Info.plist */ = {isa = PBXFileReference; lastKnownFileType = text.plist.xml; path = Info.plist; sourceTree = "<group>"; };
		E8DE92C41E9D447C007FC971 /* natalie-app-2UITests.xctest */ = {isa = PBXFileReference; explicitFileType = wrapper.cfbundle; includeInIndex = 0; path = "natalie-app-2UITests.xctest"; sourceTree = BUILT_PRODUCTS_DIR; };
		E8DE92C81E9D447C007FC971 /* natalie_app_2UITests.swift */ = {isa = PBXFileReference; lastKnownFileType = sourcecode.swift; path = natalie_app_2UITests.swift; sourceTree = "<group>"; };
		E8DE92CA1E9D447C007FC971 /* Info.plist */ = {isa = PBXFileReference; lastKnownFileType = text.plist.xml; path = Info.plist; sourceTree = "<group>"; };
		E8DE92DA1E9D6639007FC971 /* SignUpVC.swift */ = {isa = PBXFileReference; fileEncoding = 4; lastKnownFileType = sourcecode.swift; name = SignUpVC.swift; path = ../SignUpVC.swift; sourceTree = "<group>"; };
		F7658D75CD64A7B62E02DD2B /* Pods_natalie_app_2UITests.framework */ = {isa = PBXFileReference; explicitFileType = wrapper.framework; includeInIndex = 0; path = Pods_natalie_app_2UITests.framework; sourceTree = BUILT_PRODUCTS_DIR; };
		FC96F24D64DCFB861F2C59CF /* Pods-natalie-app-2Tests.debug.xcconfig */ = {isa = PBXFileReference; includeInIndex = 1; lastKnownFileType = text.xcconfig; name = "Pods-natalie-app-2Tests.debug.xcconfig"; path = "Pods/Target Support Files/Pods-natalie-app-2Tests/Pods-natalie-app-2Tests.debug.xcconfig"; sourceTree = "<group>"; };
/* End PBXFileReference section */

/* Begin PBXFrameworksBuildPhase section */
		E8DE92A21E9D447C007FC971 /* Frameworks */ = {
			isa = PBXFrameworksBuildPhase;
			buildActionMask = 2147483647;
			files = (
				C586AE631EEF23D30084671B /* FBSDKLoginKit in Frameworks */,
				E0CB7F5419ADEBCC6086D042 /* Pods_natalie_app_2.framework in Frameworks */,
				C557928E1F34F84600BFA82F /* FBSDKShareKit in Frameworks */,
			);
			runOnlyForDeploymentPostprocessing = 0;
		};
		E8DE92B61E9D447C007FC971 /* Frameworks */ = {
			isa = PBXFrameworksBuildPhase;
			buildActionMask = 2147483647;
			files = (
				3424147DA2219AB5C178BE71 /* Pods_natalie_app_2Tests.framework in Frameworks */,
			);
			runOnlyForDeploymentPostprocessing = 0;
		};
		E8DE92C11E9D447C007FC971 /* Frameworks */ = {
			isa = PBXFrameworksBuildPhase;
			buildActionMask = 2147483647;
			files = (
				86C4681EA3A354B0732737CD /* Pods_natalie_app_2UITests.framework in Frameworks */,
			);
			runOnlyForDeploymentPostprocessing = 0;
		};
/* End PBXFrameworksBuildPhase section */

/* Begin PBXGroup section */
		3D4A38CB9A0B63D5139CA606 /* Pods */ = {
			isa = PBXGroup;
			children = (
				A49BCB2CA448B48755E1AE70 /* Pods-natalie-app-2.debug.xcconfig */,
				CC3F916E41D0E217415D5C39 /* Pods-natalie-app-2.release.xcconfig */,
				FC96F24D64DCFB861F2C59CF /* Pods-natalie-app-2Tests.debug.xcconfig */,
				0536B8045324526384D83B3E /* Pods-natalie-app-2Tests.release.xcconfig */,
				03AA1EBC8044063A37F5173D /* Pods-natalie-app-2UITests.debug.xcconfig */,
				8CD4CDA082D7CA722AE57B01 /* Pods-natalie-app-2UITests.release.xcconfig */,
			);
			name = Pods;
			sourceTree = "<group>";
		};
		9D622CF4547D35122716D5E7 /* Frameworks */ = {
			isa = PBXGroup;
			children = (
				91D90C6CD83E182A184F8A63 /* Pods_natalie_app_2.framework */,
				61E75CD80181D04DB59C55CD /* Pods_natalie_app_2Tests.framework */,
				F7658D75CD64A7B62E02DD2B /* Pods_natalie_app_2UITests.framework */,
			);
			name = Frameworks;
			sourceTree = "<group>";
		};
		C586AE611EEF23910084671B /* Frameworks */ = {
			isa = PBXGroup;
			children = (
				C557928D1F34F84600BFA82F /* FBSDKShareKit */,
				C586AE621EEF23D30084671B /* FBSDKLoginKit */,
			);
			name = Frameworks;
			sourceTree = "<group>";
		};
		C5EA08901EF322370089FA88 /* Services */ = {
			isa = PBXGroup;
			children = (
				C5EA08921EF322650089FA88 /* KeychainWrapper.h */,
				C5EA08931EF322650089FA88 /* KeychainWrapper.m */,
				C5EA08911EF322640089FA88 /* natalie-app-2-Bridging-Header.h */,
			);
			name = Services;
			sourceTree = "<group>";
		};
		C5F131671EBCF90E00624711 /* View */ = {
			isa = PBXGroup;
			children = (
				C5F131681EBCF92D00624711 /* PortfolioItemCell.swift */,
				C5AD5DA51ECE80F300223064 /* BackgroundImageCell.swift */,
				C597F4001F16738C006F4944 /* FilterCell.swift */,
			);
			name = View;
			sourceTree = "<group>";
		};
		C5FB4D0C1EBD2BA500096321 /* Model */ = {
			isa = PBXGroup;
			children = (
				C5AA46F61F044F6D00F23F12 /* BackgroundImage.swift */,
				C5AA46F81F04508900F23F12 /* ThemeImage.swift */,
			);
			name = Model;
			sourceTree = "<group>";
		};
		E8B610941E9E90600019EBED /* Model */ = {
			isa = PBXGroup;
			children = (
				E8B610951E9E90740019EBED /* Generated */,
			);
			name = Model;
			sourceTree = "<group>";
		};
		E8B610951E9E90740019EBED /* Generated */ = {
			isa = PBXGroup;
			children = (
			);
			name = Generated;
			sourceTree = "<group>";
		};
		E8B610961E9EC0CD0019EBED /* Controllers */ = {
			isa = PBXGroup;
			children = (
				E8B6103C1E9E68F90019EBED /* LoginVC.swift */,
				E8DE92DA1E9D6639007FC971 /* SignUpVC.swift */,
				E8DE92AA1E9D447C007FC971 /* WelcomeVC.swift */,
				E8B611131E9F2A520019EBED /* MainVC.swift */,
				E8B611171E9FA5230019EBED /* ChooseImageVC.swift */,
				C5628FBE1ECBCFDD00A3555F /* QuestionVC.swift */,
				C5AD5DA11ECE61F400223064 /* ChooseBackgroundVC.swift */,
				C5A0D1FF1ED672E20053CDCD /* EditPortfolioItemVC.swift */,
				C55472681F1EC6E80017C66E /* TestVC.swift */,
			);
			name = Controllers;
			sourceTree = "<group>";
		};
		E8DE929C1E9D447C007FC971 = {
			isa = PBXGroup;
			children = (
				E8DE92A71E9D447C007FC971 /* natalie-app-2 */,
				E8DE92BC1E9D447C007FC971 /* natalie-app-2Tests */,
				E8DE92C71E9D447C007FC971 /* natalie-app-2UITests */,
				E8DE92A61E9D447C007FC971 /* Products */,
				3D4A38CB9A0B63D5139CA606 /* Pods */,
				9D622CF4547D35122716D5E7 /* Frameworks */,
			);
			sourceTree = "<group>";
		};
		E8DE92A61E9D447C007FC971 /* Products */ = {
			isa = PBXGroup;
			children = (
				E8DE92A51E9D447C007FC971 /* natalie-app-2.app */,
				E8DE92B91E9D447C007FC971 /* natalie-app-2Tests.xctest */,
				E8DE92C41E9D447C007FC971 /* natalie-app-2UITests.xctest */,
			);
			name = Products;
			sourceTree = "<group>";
		};
		E8DE92A71E9D447C007FC971 /* natalie-app-2 */ = {
			isa = PBXGroup;
			children = (
				C5EA08901EF322370089FA88 /* Services */,
				C586AE611EEF23910084671B /* Frameworks */,
				C5FB4D0C1EBD2BA500096321 /* Model */,
				C5F131671EBCF90E00624711 /* View */,
				E8B611151E9FA2130019EBED /* images */,
				E8B610961E9EC0CD0019EBED /* Controllers */,
				E8B610941E9E90600019EBED /* Model */,
				E8DE92A81E9D447C007FC971 /* AppDelegate.swift */,
				E8DE92AC1E9D447C007FC971 /* Main.storyboard */,
				E8DE92AF1E9D447C007FC971 /* Assets.xcassets */,
				C539B1EB1EAC53A4006C3233 /* Welcome.png */,
				E8DE92B11E9D447C007FC971 /* LaunchScreen.storyboard */,
				E8DE92B41E9D447C007FC971 /* Info.plist */,
				E8B6103E1E9E6F180019EBED /* Model.xcdatamodeld */,
				C5DC50A31F3A56E2003576E3 /* Images.xcassets */,
			);
			path = "natalie-app-2";
			sourceTree = "<group>";
		};
		E8DE92BC1E9D447C007FC971 /* natalie-app-2Tests */ = {
			isa = PBXGroup;
			children = (
				E8DE92BD1E9D447C007FC971 /* natalie_app_2Tests.swift */,
				E8DE92BF1E9D447C007FC971 /* Info.plist */,
			);
			path = "natalie-app-2Tests";
			sourceTree = "<group>";
		};
		E8DE92C71E9D447C007FC971 /* natalie-app-2UITests */ = {
			isa = PBXGroup;
			children = (
				E8DE92C81E9D447C007FC971 /* natalie_app_2UITests.swift */,
				E8DE92CA1E9D447C007FC971 /* Info.plist */,
			);
			path = "natalie-app-2UITests";
			sourceTree = "<group>";
		};
/* End PBXGroup section */

/* Begin PBXNativeTarget section */
		E8DE92A41E9D447C007FC971 /* natalie-app-2 */ = {
			isa = PBXNativeTarget;
			buildConfigurationList = E8DE92CD1E9D447C007FC971 /* Build configuration list for PBXNativeTarget "natalie-app-2" */;
			buildPhases = (
				2F2E871D939945E63928E52C /* [CP] Check Pods Manifest.lock */,
				E8DE92A11E9D447C007FC971 /* Sources */,
				E8DE92A21E9D447C007FC971 /* Frameworks */,
				E8DE92A31E9D447C007FC971 /* Resources */,
				E621A4833A1712E59ED9D497 /* [CP] Embed Pods Frameworks */,
				6949A76D53A1A938F6A1F34C /* [CP] Copy Pods Resources */,
			);
			buildRules = (
			);
			dependencies = (
			);
			name = "natalie-app-2";
			productName = "natalie-app-2";
			productReference = E8DE92A51E9D447C007FC971 /* natalie-app-2.app */;
			productType = "com.apple.product-type.application";
		};
		E8DE92B81E9D447C007FC971 /* natalie-app-2Tests */ = {
			isa = PBXNativeTarget;
			buildConfigurationList = E8DE92D01E9D447C007FC971 /* Build configuration list for PBXNativeTarget "natalie-app-2Tests" */;
			buildPhases = (
				1BCA0A0C4309605D6AEA6977 /* [CP] Check Pods Manifest.lock */,
				E8DE92B51E9D447C007FC971 /* Sources */,
				E8DE92B61E9D447C007FC971 /* Frameworks */,
				E8DE92B71E9D447C007FC971 /* Resources */,
				CB85DE82C44B5E4ECA9F1255 /* [CP] Embed Pods Frameworks */,
				8C0A9FE6AF629C8BEF4A18F6 /* [CP] Copy Pods Resources */,
			);
			buildRules = (
			);
			dependencies = (
				E8DE92BB1E9D447C007FC971 /* PBXTargetDependency */,
			);
			name = "natalie-app-2Tests";
			productName = "natalie-app-2Tests";
			productReference = E8DE92B91E9D447C007FC971 /* natalie-app-2Tests.xctest */;
			productType = "com.apple.product-type.bundle.unit-test";
		};
		E8DE92C31E9D447C007FC971 /* natalie-app-2UITests */ = {
			isa = PBXNativeTarget;
			buildConfigurationList = E8DE92D31E9D447C007FC971 /* Build configuration list for PBXNativeTarget "natalie-app-2UITests" */;
			buildPhases = (
				C4978497D5DC85595498A1AF /* [CP] Check Pods Manifest.lock */,
				E8DE92C01E9D447C007FC971 /* Sources */,
				E8DE92C11E9D447C007FC971 /* Frameworks */,
				E8DE92C21E9D447C007FC971 /* Resources */,
				DF11538D03F31B0EA07473C4 /* [CP] Embed Pods Frameworks */,
				C88271D934F05AF933697056 /* [CP] Copy Pods Resources */,
			);
			buildRules = (
			);
			dependencies = (
				E8DE92C61E9D447C007FC971 /* PBXTargetDependency */,
			);
			name = "natalie-app-2UITests";
			productName = "natalie-app-2UITests";
			productReference = E8DE92C41E9D447C007FC971 /* natalie-app-2UITests.xctest */;
			productType = "com.apple.product-type.bundle.ui-testing";
		};
/* End PBXNativeTarget section */

/* Begin PBXProject section */
		E8DE929D1E9D447C007FC971 /* Project object */ = {
			isa = PBXProject;
			attributes = {
				LastSwiftUpdateCheck = 0830;
				LastUpgradeCheck = 0830;
				ORGANIZATIONNAME = "Munene Kaumbutho - Evan Zhang";
				TargetAttributes = {
					E8DE92A41E9D447C007FC971 = {
						CreatedOnToolsVersion = 8.3.1;
						DevelopmentTeam = 5E87WWGH2R;
						LastSwiftMigration = 0830;
						ProvisioningStyle = Automatic;
					};
					E8DE92B81E9D447C007FC971 = {
						CreatedOnToolsVersion = 8.3.1;
						ProvisioningStyle = Automatic;
						TestTargetID = E8DE92A41E9D447C007FC971;
					};
					E8DE92C31E9D447C007FC971 = {
						CreatedOnToolsVersion = 8.3.1;
						ProvisioningStyle = Automatic;
						TestTargetID = E8DE92A41E9D447C007FC971;
					};
				};
			};
			buildConfigurationList = E8DE92A01E9D447C007FC971 /* Build configuration list for PBXProject "natalie-app-2" */;
			compatibilityVersion = "Xcode 3.2";
			developmentRegion = English;
			hasScannedForEncodings = 0;
			knownRegions = (
				en,
				Base,
			);
			mainGroup = E8DE929C1E9D447C007FC971;
			productRefGroup = E8DE92A61E9D447C007FC971 /* Products */;
			projectDirPath = "";
			projectRoot = "";
			targets = (
				E8DE92A41E9D447C007FC971 /* natalie-app-2 */,
				E8DE92B81E9D447C007FC971 /* natalie-app-2Tests */,
				E8DE92C31E9D447C007FC971 /* natalie-app-2UITests */,
			);
		};
/* End PBXProject section */

/* Begin PBXResourcesBuildPhase section */
		E8DE92A31E9D447C007FC971 /* Resources */ = {
			isa = PBXResourcesBuildPhase;
			buildActionMask = 2147483647;
			files = (
				E8B611161E9FA2130019EBED /* images in Resources */,
				E8DE92B31E9D447C007FC971 /* LaunchScreen.storyboard in Resources */,
				C539B1EC1EAC53A4006C3233 /* Welcome.png in Resources */,
				C5DC50A41F3A56E2003576E3 /* Images.xcassets in Resources */,
				E8DE92B01E9D447C007FC971 /* Assets.xcassets in Resources */,
				E8DE92AE1E9D447C007FC971 /* Main.storyboard in Resources */,
			);
			runOnlyForDeploymentPostprocessing = 0;
		};
		E8DE92B71E9D447C007FC971 /* Resources */ = {
			isa = PBXResourcesBuildPhase;
			buildActionMask = 2147483647;
			files = (
			);
			runOnlyForDeploymentPostprocessing = 0;
		};
		E8DE92C21E9D447C007FC971 /* Resources */ = {
			isa = PBXResourcesBuildPhase;
			buildActionMask = 2147483647;
			files = (
			);
			runOnlyForDeploymentPostprocessing = 0;
		};
/* End PBXResourcesBuildPhase section */

/* Begin PBXShellScriptBuildPhase section */
		1BCA0A0C4309605D6AEA6977 /* [CP] Check Pods Manifest.lock */ = {
			isa = PBXShellScriptBuildPhase;
			buildActionMask = 2147483647;
			files = (
			);
			inputPaths = (
			);
			name = "[CP] Check Pods Manifest.lock";
			outputPaths = (
			);
			runOnlyForDeploymentPostprocessing = 0;
			shellPath = /bin/sh;
			shellScript = "diff \"${PODS_PODFILE_DIR_PATH}/Podfile.lock\" \"${PODS_ROOT}/Manifest.lock\" > /dev/null\nif [ $? != 0 ] ; then\n    # print error to STDERR\n    echo \"error: The sandbox is not in sync with the Podfile.lock. Run 'pod install' or update your CocoaPods installation.\" >&2\n    exit 1\nfi\n";
			showEnvVarsInLog = 0;
		};
		2F2E871D939945E63928E52C /* [CP] Check Pods Manifest.lock */ = {
			isa = PBXShellScriptBuildPhase;
			buildActionMask = 2147483647;
			files = (
			);
			inputPaths = (
			);
			name = "[CP] Check Pods Manifest.lock";
			outputPaths = (
			);
			runOnlyForDeploymentPostprocessing = 0;
			shellPath = /bin/sh;
			shellScript = "diff \"${PODS_PODFILE_DIR_PATH}/Podfile.lock\" \"${PODS_ROOT}/Manifest.lock\" > /dev/null\nif [ $? != 0 ] ; then\n    # print error to STDERR\n    echo \"error: The sandbox is not in sync with the Podfile.lock. Run 'pod install' or update your CocoaPods installation.\" >&2\n    exit 1\nfi\n";
			showEnvVarsInLog = 0;
		};
		6949A76D53A1A938F6A1F34C /* [CP] Copy Pods Resources */ = {
			isa = PBXShellScriptBuildPhase;
			buildActionMask = 2147483647;
			files = (
			);
			inputPaths = (
			);
			name = "[CP] Copy Pods Resources";
			outputPaths = (
			);
			runOnlyForDeploymentPostprocessing = 0;
			shellPath = /bin/sh;
			shellScript = "\"${SRCROOT}/Pods/Target Support Files/Pods-natalie-app-2/Pods-natalie-app-2-resources.sh\"\n";
			showEnvVarsInLog = 0;
		};
		8C0A9FE6AF629C8BEF4A18F6 /* [CP] Copy Pods Resources */ = {
			isa = PBXShellScriptBuildPhase;
			buildActionMask = 2147483647;
			files = (
			);
			inputPaths = (
			);
			name = "[CP] Copy Pods Resources";
			outputPaths = (
			);
			runOnlyForDeploymentPostprocessing = 0;
			shellPath = /bin/sh;
			shellScript = "\"${SRCROOT}/Pods/Target Support Files/Pods-natalie-app-2Tests/Pods-natalie-app-2Tests-resources.sh\"\n";
			showEnvVarsInLog = 0;
		};
		C4978497D5DC85595498A1AF /* [CP] Check Pods Manifest.lock */ = {
			isa = PBXShellScriptBuildPhase;
			buildActionMask = 2147483647;
			files = (
			);
			inputPaths = (
			);
			name = "[CP] Check Pods Manifest.lock";
			outputPaths = (
			);
			runOnlyForDeploymentPostprocessing = 0;
			shellPath = /bin/sh;
			shellScript = "diff \"${PODS_PODFILE_DIR_PATH}/Podfile.lock\" \"${PODS_ROOT}/Manifest.lock\" > /dev/null\nif [ $? != 0 ] ; then\n    # print error to STDERR\n    echo \"error: The sandbox is not in sync with the Podfile.lock. Run 'pod install' or update your CocoaPods installation.\" >&2\n    exit 1\nfi\n";
			showEnvVarsInLog = 0;
		};
		C88271D934F05AF933697056 /* [CP] Copy Pods Resources */ = {
			isa = PBXShellScriptBuildPhase;
			buildActionMask = 2147483647;
			files = (
			);
			inputPaths = (
			);
			name = "[CP] Copy Pods Resources";
			outputPaths = (
			);
			runOnlyForDeploymentPostprocessing = 0;
			shellPath = /bin/sh;
			shellScript = "\"${SRCROOT}/Pods/Target Support Files/Pods-natalie-app-2UITests/Pods-natalie-app-2UITests-resources.sh\"\n";
			showEnvVarsInLog = 0;
		};
		CB85DE82C44B5E4ECA9F1255 /* [CP] Embed Pods Frameworks */ = {
			isa = PBXShellScriptBuildPhase;
			buildActionMask = 2147483647;
			files = (
			);
			inputPaths = (
			);
			name = "[CP] Embed Pods Frameworks";
			outputPaths = (
			);
			runOnlyForDeploymentPostprocessing = 0;
			shellPath = /bin/sh;
			shellScript = "\"${SRCROOT}/Pods/Target Support Files/Pods-natalie-app-2Tests/Pods-natalie-app-2Tests-frameworks.sh\"\n";
			showEnvVarsInLog = 0;
		};
		DF11538D03F31B0EA07473C4 /* [CP] Embed Pods Frameworks */ = {
			isa = PBXShellScriptBuildPhase;
			buildActionMask = 2147483647;
			files = (
			);
			inputPaths = (
			);
			name = "[CP] Embed Pods Frameworks";
			outputPaths = (
			);
			runOnlyForDeploymentPostprocessing = 0;
			shellPath = /bin/sh;
			shellScript = "\"${SRCROOT}/Pods/Target Support Files/Pods-natalie-app-2UITests/Pods-natalie-app-2UITests-frameworks.sh\"\n";
			showEnvVarsInLog = 0;
		};
		E621A4833A1712E59ED9D497 /* [CP] Embed Pods Frameworks */ = {
			isa = PBXShellScriptBuildPhase;
			buildActionMask = 2147483647;
			files = (
			);
			inputPaths = (
			);
			name = "[CP] Embed Pods Frameworks";
			outputPaths = (
			);
			runOnlyForDeploymentPostprocessing = 0;
			shellPath = /bin/sh;
			shellScript = "\"${SRCROOT}/Pods/Target Support Files/Pods-natalie-app-2/Pods-natalie-app-2-frameworks.sh\"\n";
			showEnvVarsInLog = 0;
		};
/* End PBXShellScriptBuildPhase section */

/* Begin PBXSourcesBuildPhase section */
		E8DE92A11E9D447C007FC971 /* Sources */ = {
			isa = PBXSourcesBuildPhase;
			buildActionMask = 2147483647;
			files = (
				C5F131691EBCF92D00624711 /* PortfolioItemCell.swift in Sources */,
				C5628FBF1ECBCFDD00A3555F /* QuestionVC.swift in Sources */,
				C55472691F1EC6E80017C66E /* TestVC.swift in Sources */,
				C597F4011F16738C006F4944 /* FilterCell.swift in Sources */,
				E8B611141E9F2A520019EBED /* MainVC.swift in Sources */,
				C5AA46F71F044F6D00F23F12 /* BackgroundImage.swift in Sources */,
				E8DE92AB1E9D447C007FC971 /* WelcomeVC.swift in Sources */,
				C5AA46F91F04508900F23F12 /* ThemeImage.swift in Sources */,
				C5AD5DA61ECE80F300223064 /* BackgroundImageCell.swift in Sources */,
				C5A0D2001ED672E20053CDCD /* EditPortfolioItemVC.swift in Sources */,
				E8DE92DB1E9D6639007FC971 /* SignUpVC.swift in Sources */,
				C5EA08941EF322650089FA88 /* KeychainWrapper.m in Sources */,
				E8B611181E9FA5230019EBED /* ChooseImageVC.swift in Sources */,
				E8B610401E9E6F180019EBED /* Model.xcdatamodeld in Sources */,
				C58DE6B21F0B151800A90D28 /* ChooseBackgroundVC.swift in Sources */,
				E8B6103D1E9E68F90019EBED /* LoginVC.swift in Sources */,
				E8DE92A91E9D447C007FC971 /* AppDelegate.swift in Sources */,
			);
			runOnlyForDeploymentPostprocessing = 0;
		};
		E8DE92B51E9D447C007FC971 /* Sources */ = {
			isa = PBXSourcesBuildPhase;
			buildActionMask = 2147483647;
			files = (
				C58DE6B91F0B177200A90D28 /* SignUpVC.swift in Sources */,
				C58DE6B51F0B176700A90D28 /* QuestionVC.swift in Sources */,
				C58DE6B71F0B176C00A90D28 /* MainVC.swift in Sources */,
				C58DE6B61F0B176900A90D28 /* ChooseImageVC.swift in Sources */,
				E8DE92BE1E9D447C007FC971 /* natalie_app_2Tests.swift in Sources */,
				C58DE6BA1F0B177500A90D28 /* LoginVC.swift in Sources */,
				C58DE6B31F0B176000A90D28 /* ChooseBackgroundVC.swift in Sources */,
				C58DE6B81F0B176F00A90D28 /* WelcomeVC.swift in Sources */,
				C58DE6B41F0B176300A90D28 /* EditPortfolioItemVC.swift in Sources */,
			);
			runOnlyForDeploymentPostprocessing = 0;
		};
		E8DE92C01E9D447C007FC971 /* Sources */ = {
			isa = PBXSourcesBuildPhase;
			buildActionMask = 2147483647;
			files = (
				E8DE92C91E9D447C007FC971 /* natalie_app_2UITests.swift in Sources */,
			);
			runOnlyForDeploymentPostprocessing = 0;
		};
/* End PBXSourcesBuildPhase section */

/* Begin PBXTargetDependency section */
		E8DE92BB1E9D447C007FC971 /* PBXTargetDependency */ = {
			isa = PBXTargetDependency;
			target = E8DE92A41E9D447C007FC971 /* natalie-app-2 */;
			targetProxy = E8DE92BA1E9D447C007FC971 /* PBXContainerItemProxy */;
		};
		E8DE92C61E9D447C007FC971 /* PBXTargetDependency */ = {
			isa = PBXTargetDependency;
			target = E8DE92A41E9D447C007FC971 /* natalie-app-2 */;
			targetProxy = E8DE92C51E9D447C007FC971 /* PBXContainerItemProxy */;
		};
/* End PBXTargetDependency section */

/* Begin PBXVariantGroup section */
		E8DE92AC1E9D447C007FC971 /* Main.storyboard */ = {
			isa = PBXVariantGroup;
			children = (
				E8DE92AD1E9D447C007FC971 /* Base */,
			);
			name = Main.storyboard;
			sourceTree = "<group>";
		};
		E8DE92B11E9D447C007FC971 /* LaunchScreen.storyboard */ = {
			isa = PBXVariantGroup;
			children = (
				E8DE92B21E9D447C007FC971 /* Base */,
			);
			name = LaunchScreen.storyboard;
			sourceTree = "<group>";
		};
/* End PBXVariantGroup section */

/* Begin XCBuildConfiguration section */
		E8DE92CB1E9D447C007FC971 /* Debug */ = {
			isa = XCBuildConfiguration;
			buildSettings = {
				ALWAYS_SEARCH_USER_PATHS = NO;
				CLANG_ANALYZER_NONNULL = YES;
				CLANG_ANALYZER_NUMBER_OBJECT_CONVERSION = YES_AGGRESSIVE;
				CLANG_CXX_LANGUAGE_STANDARD = "gnu++0x";
				CLANG_CXX_LIBRARY = "libc++";
				CLANG_ENABLE_MODULES = YES;
				CLANG_ENABLE_OBJC_ARC = YES;
				CLANG_WARN_BOOL_CONVERSION = YES;
				CLANG_WARN_CONSTANT_CONVERSION = YES;
				CLANG_WARN_DIRECT_OBJC_ISA_USAGE = YES_ERROR;
				CLANG_WARN_DOCUMENTATION_COMMENTS = YES;
				CLANG_WARN_EMPTY_BODY = YES;
				CLANG_WARN_ENUM_CONVERSION = YES;
				CLANG_WARN_INFINITE_RECURSION = YES;
				CLANG_WARN_INT_CONVERSION = YES;
				CLANG_WARN_OBJC_ROOT_CLASS = YES_ERROR;
				CLANG_WARN_SUSPICIOUS_MOVE = YES;
				CLANG_WARN_UNREACHABLE_CODE = YES;
				CLANG_WARN__DUPLICATE_METHOD_MATCH = YES;
				"CODE_SIGN_IDENTITY[sdk=iphoneos*]" = "iPhone Developer";
				COPY_PHASE_STRIP = NO;
				DEBUG_INFORMATION_FORMAT = dwarf;
				ENABLE_STRICT_OBJC_MSGSEND = YES;
				ENABLE_TESTABILITY = YES;
				GCC_C_LANGUAGE_STANDARD = gnu99;
				GCC_DYNAMIC_NO_PIC = NO;
				GCC_NO_COMMON_BLOCKS = YES;
				GCC_OPTIMIZATION_LEVEL = 0;
				GCC_PREPROCESSOR_DEFINITIONS = (
					"DEBUG=1",
					"$(inherited)",
				);
				GCC_WARN_64_TO_32_BIT_CONVERSION = YES;
				GCC_WARN_ABOUT_RETURN_TYPE = YES_ERROR;
				GCC_WARN_UNDECLARED_SELECTOR = YES;
				GCC_WARN_UNINITIALIZED_AUTOS = YES_AGGRESSIVE;
				GCC_WARN_UNUSED_FUNCTION = YES;
				GCC_WARN_UNUSED_VARIABLE = YES;
				IPHONEOS_DEPLOYMENT_TARGET = 10.3;
				MTL_ENABLE_DEBUG_INFO = YES;
				ONLY_ACTIVE_ARCH = YES;
				SDKROOT = iphoneos;
				SWIFT_ACTIVE_COMPILATION_CONDITIONS = DEBUG;
				SWIFT_OPTIMIZATION_LEVEL = "-Onone";
				TARGETED_DEVICE_FAMILY = "1,2";
			};
			name = Debug;
		};
		E8DE92CC1E9D447C007FC971 /* Release */ = {
			isa = XCBuildConfiguration;
			buildSettings = {
				ALWAYS_SEARCH_USER_PATHS = NO;
				CLANG_ANALYZER_NONNULL = YES;
				CLANG_ANALYZER_NUMBER_OBJECT_CONVERSION = YES_AGGRESSIVE;
				CLANG_CXX_LANGUAGE_STANDARD = "gnu++0x";
				CLANG_CXX_LIBRARY = "libc++";
				CLANG_ENABLE_MODULES = YES;
				CLANG_ENABLE_OBJC_ARC = YES;
				CLANG_WARN_BOOL_CONVERSION = YES;
				CLANG_WARN_CONSTANT_CONVERSION = YES;
				CLANG_WARN_DIRECT_OBJC_ISA_USAGE = YES_ERROR;
				CLANG_WARN_DOCUMENTATION_COMMENTS = YES;
				CLANG_WARN_EMPTY_BODY = YES;
				CLANG_WARN_ENUM_CONVERSION = YES;
				CLANG_WARN_INFINITE_RECURSION = YES;
				CLANG_WARN_INT_CONVERSION = YES;
				CLANG_WARN_OBJC_ROOT_CLASS = YES_ERROR;
				CLANG_WARN_SUSPICIOUS_MOVE = YES;
				CLANG_WARN_UNREACHABLE_CODE = YES;
				CLANG_WARN__DUPLICATE_METHOD_MATCH = YES;
				"CODE_SIGN_IDENTITY[sdk=iphoneos*]" = "iPhone Developer";
				COPY_PHASE_STRIP = NO;
				DEBUG_INFORMATION_FORMAT = "dwarf-with-dsym";
				ENABLE_NS_ASSERTIONS = NO;
				ENABLE_STRICT_OBJC_MSGSEND = YES;
				GCC_C_LANGUAGE_STANDARD = gnu99;
				GCC_NO_COMMON_BLOCKS = YES;
				GCC_WARN_64_TO_32_BIT_CONVERSION = YES;
				GCC_WARN_ABOUT_RETURN_TYPE = YES_ERROR;
				GCC_WARN_UNDECLARED_SELECTOR = YES;
				GCC_WARN_UNINITIALIZED_AUTOS = YES_AGGRESSIVE;
				GCC_WARN_UNUSED_FUNCTION = YES;
				GCC_WARN_UNUSED_VARIABLE = YES;
				IPHONEOS_DEPLOYMENT_TARGET = 10.3;
				MTL_ENABLE_DEBUG_INFO = NO;
				SDKROOT = iphoneos;
				SWIFT_OPTIMIZATION_LEVEL = "-Owholemodule";
				TARGETED_DEVICE_FAMILY = "1,2";
				VALIDATE_PRODUCT = YES;
			};
			name = Release;
		};
		E8DE92CE1E9D447C007FC971 /* Debug */ = {
			isa = XCBuildConfiguration;
			baseConfigurationReference = A49BCB2CA448B48755E1AE70 /* Pods-natalie-app-2.debug.xcconfig */;
			buildSettings = {
				ASSETCATALOG_COMPILER_APPICON_NAME = "AppIcon-1";
				ASSETCATALOG_COMPILER_LAUNCHIMAGE_NAME = LaunchImage;
				CLANG_ENABLE_MODULES = YES;
				DEBUG_INFORMATION_FORMAT = "dwarf-with-dsym";
				DEVELOPMENT_TEAM = 5E87WWGH2R;
				FRAMEWORK_SEARCH_PATHS = (
					"$(inherited)",
					"\"~/Documents/FacebookSDK\"",
					"\"$PODS_CONFIGURATION_BUILD_DIR/Bolts\"",
					"\"$PODS_CONFIGURATION_BUILD_DIR/FBSDKCoreKit\"",
					"\"$PODS_CONFIGURATION_BUILD_DIR/FBSDKLoginKit\"",
					"\"$PODS_CONFIGURATION_BUILD_DIR/FBSDKShareKit\"",
					"\"$PODS_CONFIGURATION_BUILD_DIR/FacebookCore\"",
					"\"$PODS_CONFIGURATION_BUILD_DIR/FacebookLogin\"",
					"\"$PODS_CONFIGURATION_BUILD_DIR/FacebookShare\"",
				);
				INFOPLIST_FILE = "natalie-app-2/Info.plist";
				IPHONEOS_DEPLOYMENT_TARGET = 10.0;
				LD_RUNPATH_SEARCH_PATHS = "$(inherited) @executable_path/Frameworks";
				LIBRARY_SEARCH_PATHS = (
					"$(inherited)",
					"$(PROJECT_DIR)/natalie-app-2",
				);
				PRODUCT_BUNDLE_IDENTIFIER = "natalie.natalie-app-2";
				PRODUCT_NAME = "$(TARGET_NAME)";
				SWIFT_OBJC_BRIDGING_HEADER = "natalie-app-2/natalie-app-2-Bridging-Header.h";
				SWIFT_OPTIMIZATION_LEVEL = "-Onone";
				SWIFT_VERSION = 3.0;
				TARGETED_DEVICE_FAMILY = 1;
			};
			name = Debug;
		};
		E8DE92CF1E9D447C007FC971 /* Release */ = {
			isa = XCBuildConfiguration;
			baseConfigurationReference = CC3F916E41D0E217415D5C39 /* Pods-natalie-app-2.release.xcconfig */;
			buildSettings = {
				ASSETCATALOG_COMPILER_APPICON_NAME = "AppIcon-1";
				ASSETCATALOG_COMPILER_LAUNCHIMAGE_NAME = LaunchImage;
				CLANG_ENABLE_MODULES = YES;
				DEVELOPMENT_TEAM = 5E87WWGH2R;
				FRAMEWORK_SEARCH_PATHS = (
					"$(inherited)",
					"\"~/Documents/FacebookSDK\"",
					"\"$PODS_CONFIGURATION_BUILD_DIR/Bolts\"",
					"\"$PODS_CONFIGURATION_BUILD_DIR/FBSDKCoreKit\"",
					"\"$PODS_CONFIGURATION_BUILD_DIR/FBSDKLoginKit\"",
					"\"$PODS_CONFIGURATION_BUILD_DIR/FBSDKShareKit\"",
					"\"$PODS_CONFIGURATION_BUILD_DIR/FacebookCore\"",
					"\"$PODS_CONFIGURATION_BUILD_DIR/FacebookLogin\"",
					"\"$PODS_CONFIGURATION_BUILD_DIR/FacebookShare\"",
				);
				INFOPLIST_FILE = "natalie-app-2/Info.plist";
				IPHONEOS_DEPLOYMENT_TARGET = 10.0;
				LD_RUNPATH_SEARCH_PATHS = "$(inherited) @executable_path/Frameworks";
				LIBRARY_SEARCH_PATHS = (
					"$(inherited)",
					"$(PROJECT_DIR)/natalie-app-2",
				);
				PRODUCT_BUNDLE_IDENTIFIER = "natalie.natalie-app-2";
				PRODUCT_NAME = "$(TARGET_NAME)";
				SWIFT_OBJC_BRIDGING_HEADER = "natalie-app-2/natalie-app-2-Bridging-Header.h";
				SWIFT_VERSION = 3.0;
				TARGETED_DEVICE_FAMILY = 1;
			};
			name = Release;
		};
		E8DE92D11E9D447C007FC971 /* Debug */ = {
			isa = XCBuildConfiguration;
			baseConfigurationReference = FC96F24D64DCFB861F2C59CF /* Pods-natalie-app-2Tests.debug.xcconfig */;
			buildSettings = {
				ALWAYS_EMBED_SWIFT_STANDARD_LIBRARIES = YES;
				BUNDLE_LOADER = "$(TEST_HOST)";
				INFOPLIST_FILE = "natalie-app-2Tests/Info.plist";
				LD_RUNPATH_SEARCH_PATHS = "$(inherited) @executable_path/Frameworks @loader_path/Frameworks";
				PRODUCT_BUNDLE_IDENTIFIER = "natalie.natalie-app-2Tests";
				PRODUCT_NAME = "$(TARGET_NAME)";
				SWIFT_VERSION = 3.0;
				TEST_HOST = "$(BUILT_PRODUCTS_DIR)/natalie-app-2.app/natalie-app-2";
			};
			name = Debug;
		};
		E8DE92D21E9D447C007FC971 /* Release */ = {
			isa = XCBuildConfiguration;
			baseConfigurationReference = 0536B8045324526384D83B3E /* Pods-natalie-app-2Tests.release.xcconfig */;
			buildSettings = {
				ALWAYS_EMBED_SWIFT_STANDARD_LIBRARIES = YES;
				BUNDLE_LOADER = "$(TEST_HOST)";
				INFOPLIST_FILE = "natalie-app-2Tests/Info.plist";
				LD_RUNPATH_SEARCH_PATHS = "$(inherited) @executable_path/Frameworks @loader_path/Frameworks";
				PRODUCT_BUNDLE_IDENTIFIER = "natalie.natalie-app-2Tests";
				PRODUCT_NAME = "$(TARGET_NAME)";
				SWIFT_VERSION = 3.0;
				TEST_HOST = "$(BUILT_PRODUCTS_DIR)/natalie-app-2.app/natalie-app-2";
			};
			name = Release;
		};
		E8DE92D41E9D447C007FC971 /* Debug */ = {
			isa = XCBuildConfiguration;
			baseConfigurationReference = 03AA1EBC8044063A37F5173D /* Pods-natalie-app-2UITests.debug.xcconfig */;
			buildSettings = {
				ALWAYS_EMBED_SWIFT_STANDARD_LIBRARIES = YES;
				INFOPLIST_FILE = "natalie-app-2UITests/Info.plist";
				LD_RUNPATH_SEARCH_PATHS = "$(inherited) @executable_path/Frameworks @loader_path/Frameworks";
				PRODUCT_BUNDLE_IDENTIFIER = "natalie.natalie-app-2UITests";
				PRODUCT_NAME = "$(TARGET_NAME)";
				SWIFT_VERSION = 3.0;
				TEST_TARGET_NAME = "natalie-app-2";
			};
			name = Debug;
		};
		E8DE92D51E9D447C007FC971 /* Release */ = {
			isa = XCBuildConfiguration;
			baseConfigurationReference = 8CD4CDA082D7CA722AE57B01 /* Pods-natalie-app-2UITests.release.xcconfig */;
			buildSettings = {
				ALWAYS_EMBED_SWIFT_STANDARD_LIBRARIES = YES;
				INFOPLIST_FILE = "natalie-app-2UITests/Info.plist";
				LD_RUNPATH_SEARCH_PATHS = "$(inherited) @executable_path/Frameworks @loader_path/Frameworks";
				PRODUCT_BUNDLE_IDENTIFIER = "natalie.natalie-app-2UITests";
				PRODUCT_NAME = "$(TARGET_NAME)";
				SWIFT_VERSION = 3.0;
				TEST_TARGET_NAME = "natalie-app-2";
			};
			name = Release;
		};
/* End XCBuildConfiguration section */

/* Begin XCConfigurationList section */
		E8DE92A01E9D447C007FC971 /* Build configuration list for PBXProject "natalie-app-2" */ = {
			isa = XCConfigurationList;
			buildConfigurations = (
				E8DE92CB1E9D447C007FC971 /* Debug */,
				E8DE92CC1E9D447C007FC971 /* Release */,
			);
			defaultConfigurationIsVisible = 0;
			defaultConfigurationName = Release;
		};
		E8DE92CD1E9D447C007FC971 /* Build configuration list for PBXNativeTarget "natalie-app-2" */ = {
			isa = XCConfigurationList;
			buildConfigurations = (
				E8DE92CE1E9D447C007FC971 /* Debug */,
				E8DE92CF1E9D447C007FC971 /* Release */,
			);
			defaultConfigurationIsVisible = 0;
			defaultConfigurationName = Release;
		};
		E8DE92D01E9D447C007FC971 /* Build configuration list for PBXNativeTarget "natalie-app-2Tests" */ = {
			isa = XCConfigurationList;
			buildConfigurations = (
				E8DE92D11E9D447C007FC971 /* Debug */,
				E8DE92D21E9D447C007FC971 /* Release */,
			);
			defaultConfigurationIsVisible = 0;
			defaultConfigurationName = Release;
		};
		E8DE92D31E9D447C007FC971 /* Build configuration list for PBXNativeTarget "natalie-app-2UITests" */ = {
			isa = XCConfigurationList;
			buildConfigurations = (
				E8DE92D41E9D447C007FC971 /* Debug */,
				E8DE92D51E9D447C007FC971 /* Release */,
			);
			defaultConfigurationIsVisible = 0;
			defaultConfigurationName = Release;
		};
/* End XCConfigurationList section */

/* Begin XCVersionGroup section */
		E8B6103E1E9E6F180019EBED /* Model.xcdatamodeld */ = {
			isa = XCVersionGroup;
			children = (
				E8B6103F1E9E6F180019EBED /* Model.xcdatamodel */,
			);
			currentVersion = E8B6103F1E9E6F180019EBED /* Model.xcdatamodel */;
			path = Model.xcdatamodeld;
			sourceTree = "<group>";
			versionGroupType = wrapper.xcdatamodel;
		};
/* End XCVersionGroup section */
	};
	rootObject = E8DE929D1E9D447C007FC971 /* Project object */;
}
